
Microsoft Visual Studio Solution File, Format Version 12.00
# Visual Studio Version 17
VisualStudioVersion = 17.3.32901.215
MinimumVisualStudioVersion = 10.0.40219.1
Project("{FAE04EC0-301F-11D3-BF4B-00C04F79EFBC}") = "verifica - inventario", "verifica - inventario.csproj", "{C8D7154D-13F6-4278-916B-1C407C36981A}"
EndProject
Global
	GlobalSection(SolutionConfigurationPlatforms) = preSolution
		Debug|Any CPU = Debug|Any CPU
		Release|Any CPU = Release|Any CPU
	EndGlobalSection
	GlobalSection(ProjectConfigurationPlatforms) = postSolution
		{C8D7154D-13F6-4278-916B-1C407C36981A}.Debug|Any CPU.ActiveCfg = Debug|Any CPU
		{C8D7154D-13F6-4278-916B-1C407C36981A}.Debug|Any CPU.Build.0 = Debug|Any CPU
		{C8D7154D-13F6-4278-916B-1C407C36981A}.Release|Any CPU.ActiveCfg = Release|Any CPU
		{C8D7154D-13F6-4278-916B-1C407C36981A}.Release|Any CPU.Build.0 = Release|Any CPU
	EndGlobalSection
	GlobalSection(SolutionProperties) = preSolution
		HideSolutionNode = FALSE
	EndGlobalSection
	GlobalSection(ExtensibilityGlobals) = postSolution
		SolutionGuid = {06DC55B4-540E-45CB-8B62-4EC75E5FC29A}
	EndGlobalSection
EndGlobal
